
Microsoft Visual Studio Solution File, Format Version 12.00
# Visual Studio 15
VisualStudioVersion = 15.0.28010.2003
MinimumVisualStudioVersion = 10.0.40219.1
Project("{FAE04EC0-301F-11D3-BF4B-00C04F79EFBC}") = "5.15改", "5.15改\5.15改.csproj", "{C31DF78F-A874-4ED8-8558-97722E4D837B}"
EndProject
Project("{FAE04EC0-301F-11D3-BF4B-00C04F79EFBC}") = "homework4改", "homework4改\homework4改.csproj", "{40C6EA1E-DC9C-4E0E-8A2F-A3D26A85760A}"
EndProject
Global
	GlobalSection(SolutionConfigurationPlatforms) = preSolution
		Debug|Any CPU = Debug|Any CPU
		Release|Any CPU = Release|Any CPU
	EndGlobalSection
	GlobalSection(ProjectConfigurationPlatforms) = postSolution
		{C31DF78F-A874-4ED8-8558-97722E4D837B}.Debug|Any CPU.ActiveCfg = Debug|Any CPU
		{C31DF78F-A874-4ED8-8558-97722E4D837B}.Debug|Any CPU.Build.0 = Debug|Any CPU
		{C31DF78F-A874-4ED8-8558-97722E4D837B}.Release|Any CPU.ActiveCfg = Release|Any CPU
		{C31DF78F-A874-4ED8-8558-97722E4D837B}.Release|Any CPU.Build.0 = Release|Any CPU
		{40C6EA1E-DC9C-4E0E-8A2F-A3D26A85760A}.Debug|Any CPU.ActiveCfg = Debug|Any CPU
		{40C6EA1E-DC9C-4E0E-8A2F-A3D26A85760A}.Debug|Any CPU.Build.0 = Debug|Any CPU
		{40C6EA1E-DC9C-4E0E-8A2F-A3D26A85760A}.Release|Any CPU.ActiveCfg = Release|Any CPU
		{40C6EA1E-DC9C-4E0E-8A2F-A3D26A85760A}.Release|Any CPU.Build.0 = Release|Any CPU
	EndGlobalSection
	GlobalSection(SolutionProperties) = preSolution
		HideSolutionNode = FALSE
	EndGlobalSection
	GlobalSection(ExtensibilityGlobals) = postSolution
		SolutionGuid = {8DA22211-6E33-424C-AC96-611E64A3AF4E}
	EndGlobalSection
EndGlobal
